
Microsoft Visual Studio Solution File, Format Version 12.00
Project("{FAE04EC0-301F-11D3-BF4B-00C04F79EFBC}") = "TradeSystem", "TradeSystem\TradeSystem.csproj", "{BCE973EE-CEA7-44BD-8A64-D1E93EB068DC}"
EndProject
Global
	GlobalSection(SolutionConfigurationPlatforms) = preSolution
		Debug|Any CPU = Debug|Any CPU
		Release|Any CPU = Release|Any CPU
	EndGlobalSection
	GlobalSection(ProjectConfigurationPlatforms) = postSolution
		{BCE973EE-CEA7-44BD-8A64-D1E93EB068DC}.Debug|Any CPU.ActiveCfg = Debug|Any CPU
		{BCE973EE-CEA7-44BD-8A64-D1E93EB068DC}.Debug|Any CPU.Build.0 = Debug|Any CPU
		{BCE973EE-CEA7-44BD-8A64-D1E93EB068DC}.Release|Any CPU.ActiveCfg = Release|Any CPU
		{BCE973EE-CEA7-44BD-8A64-D1E93EB068DC}.Release|Any CPU.Build.0 = Release|Any CPU
	EndGlobalSection
EndGlobal
